
Microsoft Visual Studio Solution File, Format Version 12.00
Project("{FAE04EC0-301F-11D3-BF4B-00C04F79EFBC}") = "ContosoCrafts.Website", "ContosoCrafts.Website\ContosoCrafts.Website.csproj", "{4F11B033-E537-49F7-A335-FF70B8A4AEDC}"
EndProject
Global
	GlobalSection(SolutionConfigurationPlatforms) = preSolution
		Debug|Any CPU = Debug|Any CPU
		Release|Any CPU = Release|Any CPU
	EndGlobalSection
	GlobalSection(ProjectConfigurationPlatforms) = postSolution
		{4F11B033-E537-49F7-A335-FF70B8A4AEDC}.Debug|Any CPU.ActiveCfg = Debug|Any CPU
		{4F11B033-E537-49F7-A335-FF70B8A4AEDC}.Debug|Any CPU.Build.0 = Debug|Any CPU
		{4F11B033-E537-49F7-A335-FF70B8A4AEDC}.Release|Any CPU.ActiveCfg = Release|Any CPU
		{4F11B033-E537-49F7-A335-FF70B8A4AEDC}.Release|Any CPU.Build.0 = Release|Any CPU
	EndGlobalSection
EndGlobal
